// !$*UTF8*$!
{
	archiveVersion = 1;
	classes = {
	};
	objectVersion = 50;
	objects = {

/* Begin PBXBuildFile section */
		91410BB325011691003566A5 /* CloudKit.framework in Frameworks */ = {isa = PBXBuildFile; fileRef = 91ADDB3524FFDF98008CA39F /* CloudKit.framework */; };
		91815B5C250174EF00DEFF2E /* Reflection+CoreDataClass.swift in Sources */ = {isa = PBXBuildFile; fileRef = 91815B5A250174EF00DEFF2E /* Reflection+CoreDataClass.swift */; };
		91815B5D250174EF00DEFF2E /* Reflection+CoreDataProperties.swift in Sources */ = {isa = PBXBuildFile; fileRef = 91815B5B250174EF00DEFF2E /* Reflection+CoreDataProperties.swift */; };
		91815B5F25017CDB00DEFF2E /* SelfSizingTableViewCell.swift in Sources */ = {isa = PBXBuildFile; fileRef = 91815B5E25017CDB00DEFF2E /* SelfSizingTableViewCell.swift */; };
		91ADDB1D24FFDF2B008CA39F /* AppDelegate.swift in Sources */ = {isa = PBXBuildFile; fileRef = 91ADDB1C24FFDF2B008CA39F /* AppDelegate.swift */; };
		91ADDB1F24FFDF2B008CA39F /* SceneDelegate.swift in Sources */ = {isa = PBXBuildFile; fileRef = 91ADDB1E24FFDF2B008CA39F /* SceneDelegate.swift */; };
		91ADDB2124FFDF2B008CA39F /* ViewController.swift in Sources */ = {isa = PBXBuildFile; fileRef = 91ADDB2024FFDF2B008CA39F /* ViewController.swift */; };
		91ADDB2424FFDF2B008CA39F /* Main.storyboard in Resources */ = {isa = PBXBuildFile; fileRef = 91ADDB2224FFDF2B008CA39F /* Main.storyboard */; };
		91ADDB2724FFDF2B008CA39F /* SimpleCloudKit.xcdatamodeld in Sources */ = {isa = PBXBuildFile; fileRef = 91ADDB2524FFDF2B008CA39F /* SimpleCloudKit.xcdatamodeld */; };
		91ADDB2924FFDF2E008CA39F /* Assets.xcassets in Resources */ = {isa = PBXBuildFile; fileRef = 91ADDB2824FFDF2E008CA39F /* Assets.xcassets */; };
		91ADDB2C24FFDF2E008CA39F /* LaunchScreen.storyboard in Resources */ = {isa = PBXBuildFile; fileRef = 91ADDB2A24FFDF2E008CA39F /* LaunchScreen.storyboard */; };
/* End PBXBuildFile section */

/* Begin PBXFileReference section */
		91815B5A250174EF00DEFF2E /* Reflection+CoreDataClass.swift */ = {isa = PBXFileReference; lastKnownFileType = sourcecode.swift; path = "Reflection+CoreDataClass.swift"; sourceTree = "<group>"; };
		91815B5B250174EF00DEFF2E /* Reflection+CoreDataProperties.swift */ = {isa = PBXFileReference; lastKnownFileType = sourcecode.swift; path = "Reflection+CoreDataProperties.swift"; sourceTree = "<group>"; };
		91815B5E25017CDB00DEFF2E /* SelfSizingTableViewCell.swift */ = {isa = PBXFileReference; lastKnownFileType = sourcecode.swift; path = SelfSizingTableViewCell.swift; sourceTree = "<group>"; };
		91ADDB1924FFDF2B008CA39F /* SimpleCloudKit.app */ = {isa = PBXFileReference; explicitFileType = wrapper.application; includeInIndex = 0; path = SimpleCloudKit.app; sourceTree = BUILT_PRODUCTS_DIR; };
		91ADDB1C24FFDF2B008CA39F /* AppDelegate.swift */ = {isa = PBXFileReference; lastKnownFileType = sourcecode.swift; path = AppDelegate.swift; sourceTree = "<group>"; };
		91ADDB1E24FFDF2B008CA39F /* SceneDelegate.swift */ = {isa = PBXFileReference; lastKnownFileType = sourcecode.swift; path = SceneDelegate.swift; sourceTree = "<group>"; };
		91ADDB2024FFDF2B008CA39F /* ViewController.swift */ = {isa = PBXFileReference; lastKnownFileType = sourcecode.swift; path = ViewController.swift; sourceTree = "<group>"; };
		91ADDB2324FFDF2B008CA39F /* Base */ = {isa = PBXFileReference; lastKnownFileType = file.storyboard; name = Base; path = Base.lproj/Main.storyboard; sourceTree = "<group>"; };
		91ADDB2624FFDF2B008CA39F /* SimpleCloudKit.xcdatamodel */ = {isa = PBXFileReference; lastKnownFileType = wrapper.xcdatamodel; path = SimpleCloudKit.xcdatamodel; sourceTree = "<group>"; };
		91ADDB2824FFDF2E008CA39F /* Assets.xcassets */ = {isa = PBXFileReference; lastKnownFileType = folder.assetcatalog; path = Assets.xcassets; sourceTree = "<group>"; };
		91ADDB2B24FFDF2E008CA39F /* Base */ = {isa = PBXFileReference; lastKnownFileType = file.storyboard; name = Base; path = Base.lproj/LaunchScreen.storyboard; sourceTree = "<group>"; };
		91ADDB2D24FFDF2E008CA39F /* Info.plist */ = {isa = PBXFileReference; lastKnownFileType = text.plist.xml; path = Info.plist; sourceTree = "<group>"; };
		91ADDB3324FFDF90008CA39F /* SimpleCloudKit.entitlements */ = {isa = PBXFileReference; lastKnownFileType = text.plist.entitlements; path = SimpleCloudKit.entitlements; sourceTree = "<group>"; };
		91ADDB3524FFDF98008CA39F /* CloudKit.framework */ = {isa = PBXFileReference; lastKnownFileType = wrapper.framework; name = CloudKit.framework; path = System/Library/Frameworks/CloudKit.framework; sourceTree = SDKROOT; };
/* End PBXFileReference section */

/* Begin PBXFrameworksBuildPhase section */
		91ADDB1624FFDF2B008CA39F /* Frameworks */ = {
			isa = PBXFrameworksBuildPhase;
			buildActionMask = 2147483647;
			files = (
				91410BB325011691003566A5 /* CloudKit.framework in Frameworks */,
			);
			runOnlyForDeploymentPostprocessing = 0;
		};
/* End PBXFrameworksBuildPhase section */

/* Begin PBXGroup section */
		91ADDB1024FFDF2B008CA39F = {
			isa = PBXGroup;
			children = (
				91ADDB1B24FFDF2B008CA39F /* SimpleCloudKit */,
				91ADDB1A24FFDF2B008CA39F /* Products */,
				91ADDB3424FFDF98008CA39F /* Frameworks */,
			);
			sourceTree = "<group>";
		};
		91ADDB1A24FFDF2B008CA39F /* Products */ = {
			isa = PBXGroup;
			children = (
				91ADDB1924FFDF2B008CA39F /* SimpleCloudKit.app */,
			);
			name = Products;
			sourceTree = "<group>";
		};
		91ADDB1B24FFDF2B008CA39F /* SimpleCloudKit */ = {
			isa = PBXGroup;
			children = (
				91ADDB3B2500B041008CA39F /* Model */,
				91ADDB3324FFDF90008CA39F /* SimpleCloudKit.entitlements */,
				91ADDB1C24FFDF2B008CA39F /* AppDelegate.swift */,
				91ADDB1E24FFDF2B008CA39F /* SceneDelegate.swift */,
				91ADDB2024FFDF2B008CA39F /* ViewController.swift */,
				91ADDB2224FFDF2B008CA39F /* Main.storyboard */,
				91ADDB2824FFDF2E008CA39F /* Assets.xcassets */,
				91ADDB2A24FFDF2E008CA39F /* LaunchScreen.storyboard */,
				91ADDB2D24FFDF2E008CA39F /* Info.plist */,
				91ADDB2524FFDF2B008CA39F /* SimpleCloudKit.xcdatamodeld */,
				91815B5E25017CDB00DEFF2E /* SelfSizingTableViewCell.swift */,
			);
			path = SimpleCloudKit;
			sourceTree = "<group>";
		};
		91ADDB3424FFDF98008CA39F /* Frameworks */ = {
			isa = PBXGroup;
			children = (
				91ADDB3524FFDF98008CA39F /* CloudKit.framework */,
			);
			name = Frameworks;
			sourceTree = "<group>";
		};
		91ADDB3B2500B041008CA39F /* Model */ = {
			isa = PBXGroup;
			children = (
				91815B5A250174EF00DEFF2E /* Reflection+CoreDataClass.swift */,
				91815B5B250174EF00DEFF2E /* Reflection+CoreDataProperties.swift */,
			);
			path = Model;
			sourceTree = "<group>";
		};
/* End PBXGroup section */

/* Begin PBXNativeTarget section */
		91ADDB1824FFDF2B008CA39F /* SimpleCloudKit */ = {
			isa = PBXNativeTarget;
			buildConfigurationList = 91ADDB3024FFDF2E008CA39F /* Build configuration list for PBXNativeTarget "SimpleCloudKit" */;
			buildPhases = (
				91ADDB1524FFDF2B008CA39F /* Sources */,
				91ADDB1624FFDF2B008CA39F /* Frameworks */,
				91ADDB1724FFDF2B008CA39F /* Resources */,
			);
			buildRules = (
			);
			dependencies = (
			);
			name = SimpleCloudKit;
			productName = SimpleCloudKit;
			productReference = 91ADDB1924FFDF2B008CA39F /* SimpleCloudKit.app */;
			productType = "com.apple.product-type.application";
		};
/* End PBXNativeTarget section */

/* Begin PBXProject section */
		91ADDB1124FFDF2B008CA39F /* Project object */ = {
			isa = PBXProject;
			attributes = {
				LastSwiftUpdateCheck = 1170;
				LastUpgradeCheck = 1170;
				ORGANIZATIONNAME = ADA;
				TargetAttributes = {
					91ADDB1824FFDF2B008CA39F = {
						CreatedOnToolsVersion = 11.7;
					};
				};
			};
			buildConfigurationList = 91ADDB1424FFDF2B008CA39F /* Build configuration list for PBXProject "SimpleCloudKit" */;
			compatibilityVersion = "Xcode 9.3";
			developmentRegion = en;
			hasScannedForEncodings = 0;
			knownRegions = (
				en,
				Base,
			);
			mainGroup = 91ADDB1024FFDF2B008CA39F;
			productRefGroup = 91ADDB1A24FFDF2B008CA39F /* Products */;
			projectDirPath = "";
			projectRoot = "";
			targets = (
				91ADDB1824FFDF2B008CA39F /* SimpleCloudKit */,
			);
		};
/* End PBXProject section */

/* Begin PBXResourcesBuildPhase section */
		91ADDB1724FFDF2B008CA39F /* Resources */ = {
			isa = PBXResourcesBuildPhase;
			buildActionMask = 2147483647;
			files = (
				91ADDB2C24FFDF2E008CA39F /* LaunchScreen.storyboard in Resources */,
				91ADDB2924FFDF2E008CA39F /* Assets.xcassets in Resources */,
				91ADDB2424FFDF2B008CA39F /* Main.storyboard in Resources */,
			);
			runOnlyForDeploymentPostprocessing = 0;
		};
/* End PBXResourcesBuildPhase section */

/* Begin PBXSourcesBuildPhase section */
		91ADDB1524FFDF2B008CA39F /* Sources */ = {
			isa = PBXSourcesBuildPhase;
			buildActionMask = 2147483647;
			files = (
				91815B5D250174EF00DEFF2E /* Reflection+CoreDataProperties.swift in Sources */,
				91ADDB2724FFDF2B008CA39F /* SimpleCloudKit.xcdatamodeld in Sources */,
				91815B5C250174EF00DEFF2E /* Reflection+CoreDataClass.swift in Sources */,
				91ADDB2124FFDF2B008CA39F /* ViewController.swift in Sources */,
				91ADDB1D24FFDF2B008CA39F /* AppDelegate.swift in Sources */,
				91ADDB1F24FFDF2B008CA39F /* SceneDelegate.swift in Sources */,
				91815B5F25017CDB00DEFF2E /* SelfSizingTableViewCell.swift in Sources */,
			);
			runOnlyForDeploymentPostprocessing = 0;
		};
/* End PBXSourcesBuildPhase section */

/* Begin PBXVariantGroup section */
		91ADDB2224FFDF2B008CA39F /* Main.storyboard */ = {
			isa = PBXVariantGroup;
			children = (
				91ADDB2324FFDF2B008CA39F /* Base */,
			);
			name = Main.storyboard;
			sourceTree = "<group>";
		};
		91ADDB2A24FFDF2E008CA39F /* LaunchScreen.storyboard */ = {
			isa = PBXVariantGroup;
			children = (
				91ADDB2B24FFDF2E008CA39F /* Base */,
			);
			name = LaunchScreen.storyboard;
			sourceTree = "<group>";
		};
/* End PBXVariantGroup section */

/* Begin XCBuildConfiguration section */
		91ADDB2E24FFDF2E008CA39F /* Debug */ = {
			isa = XCBuildConfiguration;
			buildSettings = {
				ALWAYS_SEARCH_USER_PATHS = NO;
				CLANG_ANALYZER_NONNULL = YES;
				CLANG_ANALYZER_NUMBER_OBJECT_CONVERSION = YES_AGGRESSIVE;
				CLANG_CXX_LANGUAGE_STANDARD = "gnu++14";
				CLANG_CXX_LIBRARY = "libc++";
				CLANG_ENABLE_MODULES = YES;
				CLANG_ENABLE_OBJC_ARC = YES;
				CLANG_ENABLE_OBJC_WEAK = YES;
				CLANG_WARN_BLOCK_CAPTURE_AUTORELEASING = YES;
				CLANG_WARN_BOOL_CONVERSION = YES;
				CLANG_WARN_COMMA = YES;
				CLANG_WARN_CONSTANT_CONVERSION = YES;
				CLANG_WARN_DEPRECATED_OBJC_IMPLEMENTATIONS = YES;
				CLANG_WARN_DIRECT_OBJC_ISA_USAGE = YES_ERROR;
				CLANG_WARN_DOCUMENTATION_COMMENTS = YES;
				CLANG_WARN_EMPTY_BODY = YES;
				CLANG_WARN_ENUM_CONVERSION = YES;
				CLANG_WARN_INFINITE_RECURSION = YES;
				CLANG_WARN_INT_CONVERSION = YES;
				CLANG_WARN_NON_LITERAL_NULL_CONVERSION = YES;
				CLANG_WARN_OBJC_IMPLICIT_RETAIN_SELF = YES;
				CLANG_WARN_OBJC_LITERAL_CONVERSION = YES;
				CLANG_WARN_OBJC_ROOT_CLASS = YES_ERROR;
				CLANG_WARN_RANGE_LOOP_ANALYSIS = YES;
				CLANG_WARN_STRICT_PROTOTYPES = YES;
				CLANG_WARN_SUSPICIOUS_MOVE = YES;
				CLANG_WARN_UNGUARDED_AVAILABILITY = YES_AGGRESSIVE;
				CLANG_WARN_UNREACHABLE_CODE = YES;
				CLANG_WARN__DUPLICATE_METHOD_MATCH = YES;
				COPY_PHASE_STRIP = NO;
				DEBUG_INFORMATION_FORMAT = dwarf;
				ENABLE_STRICT_OBJC_MSGSEND = YES;
				ENABLE_TESTABILITY = YES;
				GCC_C_LANGUAGE_STANDARD = gnu11;
				GCC_DYNAMIC_NO_PIC = NO;
				GCC_NO_COMMON_BLOCKS = YES;
				GCC_OPTIMIZATION_LEVEL = 0;
				GCC_PREPROCESSOR_DEFINITIONS = (
					"DEBUG=1",
					"$(inherited)",
				);
				GCC_WARN_64_TO_32_BIT_CONVERSION = YES;
				GCC_WARN_ABOUT_RETURN_TYPE = YES_ERROR;
				GCC_WARN_UNDECLARED_SELECTOR = YES;
				GCC_WARN_UNINITIALIZED_AUTOS = YES_AGGRESSIVE;
				GCC_WARN_UNUSED_FUNCTION = YES;
				GCC_WARN_UNUSED_VARIABLE = YES;
				IPHONEOS_DEPLOYMENT_TARGET = 13.7;
				MTL_ENABLE_DEBUG_INFO = INCLUDE_SOURCE;
				MTL_FAST_MATH = YES;
				ONLY_ACTIVE_ARCH = YES;
				SDKROOT = iphoneos;
				SWIFT_ACTIVE_COMPILATION_CONDITIONS = DEBUG;
				SWIFT_OPTIMIZATION_LEVEL = "-Onone";
			};
			name = Debug;
		};
		91ADDB2F24FFDF2E008CA39F /* Release */ = {
			isa = XCBuildConfiguration;
			buildSettings = {
				ALWAYS_SEARCH_USER_PATHS = NO;
				CLANG_ANALYZER_NONNULL = YES;
				CLANG_ANALYZER_NUMBER_OBJECT_CONVERSION = YES_AGGRESSIVE;
				CLANG_CXX_LANGUAGE_STANDARD = "gnu++14";
				CLANG_CXX_LIBRARY = "libc++";
				CLANG_ENABLE_MODULES = YES;
				CLANG_ENABLE_OBJC_ARC = YES;
				CLANG_ENABLE_OBJC_WEAK = YES;
				CLANG_WARN_BLOCK_CAPTURE_AUTORELEASING = YES;
				CLANG_WARN_BOOL_CONVERSION = YES;
				CLANG_WARN_COMMA = YES;
				CLANG_WARN_CONSTANT_CONVERSION = YES;
				CLANG_WARN_DEPRECATED_OBJC_IMPLEMENTATIONS = YES;
				CLANG_WARN_DIRECT_OBJC_ISA_USAGE = YES_ERROR;
				CLANG_WARN_DOCUMENTATION_COMMENTS = YES;
				CLANG_WARN_EMPTY_BODY = YES;
				CLANG_WARN_ENUM_CONVERSION = YES;
				CLANG_WARN_INFINITE_RECURSION = YES;
				CLANG_WARN_INT_CONVERSION = YES;
				CLANG_WARN_NON_LITERAL_NULL_CONVERSION = YES;
				CLANG_WARN_OBJC_IMPLICIT_RETAIN_SELF = YES;
				CLANG_WARN_OBJC_LITERAL_CONVERSION = YES;
				CLANG_WARN_OBJC_ROOT_CLASS = YES_ERROR;
				CLANG_WARN_RANGE_LOOP_ANALYSIS = YES;
				CLANG_WARN_STRICT_PROTOTYPES = YES;
				CLANG_WARN_SUSPICIOUS_MOVE = YES;
				CLANG_WARN_UNGUARDED_AVAILABILITY = YES_AGGRESSIVE;
				CLANG_WARN_UNREACHABLE_CODE = YES;
				CLANG_WARN__DUPLICATE_METHOD_MATCH = YES;
				COPY_PHASE_STRIP = NO;
				DEBUG_INFORMATION_FORMAT = "dwarf-with-dsym";
				ENABLE_NS_ASSERTIONS = NO;
				ENABLE_STRICT_OBJC_MSGSEND = YES;
				GCC_C_LANGUAGE_STANDARD = gnu11;
				GCC_NO_COMMON_BLOCKS = YES;
				GCC_WARN_64_TO_32_BIT_CONVERSION = YES;
				GCC_WARN_ABOUT_RETURN_TYPE = YES_ERROR;
				GCC_WARN_UNDECLARED_SELECTOR = YES;
				GCC_WARN_UNINITIALIZED_AUTOS = YES_AGGRESSIVE;
				GCC_WARN_UNUSED_FUNCTION = YES;
				GCC_WARN_UNUSED_VARIABLE = YES;
				IPHONEOS_DEPLOYMENT_TARGET = 13.7;
				MTL_ENABLE_DEBUG_INFO = NO;
				MTL_FAST_MATH = YES;
				SDKROOT = iphoneos;
				SWIFT_COMPILATION_MODE = wholemodule;
				SWIFT_OPTIMIZATION_LEVEL = "-O";
				VALIDATE_PRODUCT = YES;
			};
			name = Release;
		};
		91ADDB3124FFDF2E008CA39F /* Debug */ = {
			isa = XCBuildConfiguration;
			buildSettings = {
				ASSETCATALOG_COMPILER_APPICON_NAME = AppIcon;
				CODE_SIGN_ENTITLEMENTS = SimpleCloudKit/SimpleCloudKit.entitlements;
				CODE_SIGN_STYLE = Automatic;
				DEVELOPMENT_TEAM = V9WZSQKJ6P;
				INFOPLIST_FILE = SimpleCloudKit/Info.plist;
				LD_RUNPATH_SEARCH_PATHS = (
					"$(inherited)",
					"@executable_path/Frameworks",
				);
				PRODUCT_BUNDLE_IDENTIFIER = Bran.Id.SimpleCloudKit;
				PRODUCT_NAME = "$(TARGET_NAME)";
				SWIFT_VERSION = 5.0;
				TARGETED_DEVICE_FAMILY = "1,2";
			};
			name = Debug;
		};
		91ADDB3224FFDF2E008CA39F /* Release */ = {
			isa = XCBuildConfiguration;
			buildSettings = {
				ASSETCATALOG_COMPILER_APPICON_NAME = AppIcon;
				CODE_SIGN_ENTITLEMENTS = SimpleCloudKit/SimpleCloudKit.entitlements;
				CODE_SIGN_STYLE = Automatic;
				DEVELOPMENT_TEAM = V9WZSQKJ6P;
				INFOPLIST_FILE = SimpleCloudKit/Info.plist;
				LD_RUNPATH_SEARCH_PATHS = (
					"$(inherited)",
					"@executable_path/Frameworks",
				);
				PRODUCT_BUNDLE_IDENTIFIER = Bran.Id.SimpleCloudKit;
				PRODUCT_NAME = "$(TARGET_NAME)";
				SWIFT_VERSION = 5.0;
				TARGETED_DEVICE_FAMILY = "1,2";
			};
			name = Release;
		};
/* End XCBuildConfiguration section */

/* Begin XCConfigurationList section */
		91ADDB1424FFDF2B008CA39F /* Build configuration list for PBXProject "SimpleCloudKit" */ = {
			isa = XCConfigurationList;
			buildConfigurations = (
				91ADDB2E24FFDF2E008CA39F /* Debug */,
				91ADDB2F24FFDF2E008CA39F /* Release */,
			);
			defaultConfigurationIsVisible = 0;
			defaultConfigurationName = Release;
		};
		91ADDB3024FFDF2E008CA39F /* Build configuration list for PBXNativeTarget "SimpleCloudKit" */ = {
			isa = XCConfigurationList;
			buildConfigurations = (
				91ADDB3124FFDF2E008CA39F /* Debug */,
				91ADDB3224FFDF2E008CA39F /* Release */,
			);
			defaultConfigurationIsVisible = 0;
			defaultConfigurationName = Release;
		};
/* End XCConfigurationList section */

/* Begin XCVersionGroup section */
		91ADDB2524FFDF2B008CA39F /* SimpleCloudKit.xcdatamodeld */ = {
			isa = XCVersionGroup;
			children = (
				91ADDB2624FFDF2B008CA39F /* SimpleCloudKit.xcdatamodel */,
			);
			currentVersion = 91ADDB2624FFDF2B008CA39F /* SimpleCloudKit.xcdatamodel */;
			path = SimpleCloudKit.xcdatamodeld;
			sourceTree = "<group>";
			versionGroupType = wrapper.xcdatamodel;
		};
/* End XCVersionGroup section */
	};
	rootObject = 91ADDB1124FFDF2B008CA39F /* Project object */;
}
